
Microsoft Visual Studio Solution File, Format Version 12.00
# Visual Studio 15
VisualStudioVersion = 15.0.28307.1231
MinimumVisualStudioVersion = 10.0.40219.1
Project("{8BC9CEB8-8B4A-11D0-8D11-00A0C91BC942}") = "main", "main.vcxproj", "{A629797C-9076-4C13-9B22-F47DEECD71BC}"
EndProject
Global
	GlobalSection(SolutionConfigurationPlatforms) = preSolution
		Debug|x64 = Debug|x64
		Debug|x86 = Debug|x86
		Release|x64 = Release|x64
		Release|x86 = Release|x86
	EndGlobalSection
	GlobalSection(ProjectConfigurationPlatforms) = postSolution
		{A629797C-9076-4C13-9B22-F47DEECD71BC}.Debug|x64.ActiveCfg = Debug|x64
		{A629797C-9076-4C13-9B22-F47DEECD71BC}.Debug|x64.Build.0 = Debug|x64
		{A629797C-9076-4C13-9B22-F47DEECD71BC}.Debug|x86.ActiveCfg = Debug|Win32
		{A629797C-9076-4C13-9B22-F47DEECD71BC}.Debug|x86.Build.0 = Debug|Win32
		{A629797C-9076-4C13-9B22-F47DEECD71BC}.Release|x64.ActiveCfg = Release|x64
		{A629797C-9076-4C13-9B22-F47DEECD71BC}.Release|x64.Build.0 = Release|x64
		{A629797C-9076-4C13-9B22-F47DEECD71BC}.Release|x86.ActiveCfg = Release|Win32
		{A629797C-9076-4C13-9B22-F47DEECD71BC}.Release|x86.Build.0 = Release|Win32
	EndGlobalSection
	GlobalSection(SolutionProperties) = preSolution
		HideSolutionNode = FALSE
	EndGlobalSection
	GlobalSection(ExtensibilityGlobals) = postSolution
		SolutionGuid = {3C2CD887-F4EF-4E4A-960F-C0778F03F781}
	EndGlobalSection
EndGlobal
