
Microsoft Visual Studio Solution File, Format Version 12.00
# Visual Studio Version 16
VisualStudioVersion = 16.0.31729.503
MinimumVisualStudioVersion = 10.0.40219.1
Project("{8BC9CEB8-8B4A-11D0-8D11-00A0C91BC942}") = "project", "project.vcxproj", "{66D7E407-36BF-42C7-8E22-E637E0A1DB9C}"
EndProject
Global
	GlobalSection(SolutionConfigurationPlatforms) = preSolution
		Debug|x64 = Debug|x64
		Debug|x86 = Debug|x86
		Release|x64 = Release|x64
		Release|x86 = Release|x86
	EndGlobalSection
	GlobalSection(ProjectConfigurationPlatforms) = postSolution
		{66D7E407-36BF-42C7-8E22-E637E0A1DB9C}.Debug|x64.ActiveCfg = Debug|x64
		{66D7E407-36BF-42C7-8E22-E637E0A1DB9C}.Debug|x64.Build.0 = Debug|x64
		{66D7E407-36BF-42C7-8E22-E637E0A1DB9C}.Debug|x86.ActiveCfg = Debug|Win32
		{66D7E407-36BF-42C7-8E22-E637E0A1DB9C}.Debug|x86.Build.0 = Debug|Win32
		{66D7E407-36BF-42C7-8E22-E637E0A1DB9C}.Release|x64.ActiveCfg = Release|x64
		{66D7E407-36BF-42C7-8E22-E637E0A1DB9C}.Release|x64.Build.0 = Release|x64
		{66D7E407-36BF-42C7-8E22-E637E0A1DB9C}.Release|x86.ActiveCfg = Release|Win32
		{66D7E407-36BF-42C7-8E22-E637E0A1DB9C}.Release|x86.Build.0 = Release|Win32
	EndGlobalSection
	GlobalSection(SolutionProperties) = preSolution
		HideSolutionNode = FALSE
	EndGlobalSection
	GlobalSection(ExtensibilityGlobals) = postSolution
		SolutionGuid = {A24DEF1C-FF96-4A1B-B2F4-EB6703556D86}
	EndGlobalSection
EndGlobal
